
Microsoft Visual Studio Solution File, Format Version 12.00
# Visual Studio 15
VisualStudioVersion = 15.0.27428.2015
MinimumVisualStudioVersion = 10.0.40219.1
Project("{FAE04EC0-301F-11D3-BF4B-00C04F79EFBC}") = "Next", "Next\Next.csproj", "{21A5E95A-5C91-4E4A-98F5-3CA03685DBBD}"
EndProject
Project("{FAE04EC0-301F-11D3-BF4B-00C04F79EFBC}") = "SpotifyHelper", "SpotifyHelper\SpotifyHelper.csproj", "{73B2FEF6-0A5B-411F-B196-0882FD347572}"
EndProject
Project("{FAE04EC0-301F-11D3-BF4B-00C04F79EFBC}") = "Pause", "Pause\Pause.csproj", "{800CE3C9-967C-4D5C-9CA4-CB6000EF4B0B}"
EndProject
Project("{FAE04EC0-301F-11D3-BF4B-00C04F79EFBC}") = "Play", "Play\Play.csproj", "{6C53151B-EBF9-495C-9B2B-B0059F8260BB}"
EndProject
Global
	GlobalSection(SolutionConfigurationPlatforms) = preSolution
		Debug|Any CPU = Debug|Any CPU
		Release|Any CPU = Release|Any CPU
	EndGlobalSection
	GlobalSection(ProjectConfigurationPlatforms) = postSolution
		{21A5E95A-5C91-4E4A-98F5-3CA03685DBBD}.Debug|Any CPU.ActiveCfg = Debug|Any CPU
		{21A5E95A-5C91-4E4A-98F5-3CA03685DBBD}.Debug|Any CPU.Build.0 = Debug|Any CPU
		{21A5E95A-5C91-4E4A-98F5-3CA03685DBBD}.Release|Any CPU.ActiveCfg = Release|Any CPU
		{21A5E95A-5C91-4E4A-98F5-3CA03685DBBD}.Release|Any CPU.Build.0 = Release|Any CPU
		{73B2FEF6-0A5B-411F-B196-0882FD347572}.Debug|Any CPU.ActiveCfg = Debug|Any CPU
		{73B2FEF6-0A5B-411F-B196-0882FD347572}.Debug|Any CPU.Build.0 = Debug|Any CPU
		{73B2FEF6-0A5B-411F-B196-0882FD347572}.Release|Any CPU.ActiveCfg = Release|Any CPU
		{73B2FEF6-0A5B-411F-B196-0882FD347572}.Release|Any CPU.Build.0 = Release|Any CPU
		{800CE3C9-967C-4D5C-9CA4-CB6000EF4B0B}.Debug|Any CPU.ActiveCfg = Debug|Any CPU
		{800CE3C9-967C-4D5C-9CA4-CB6000EF4B0B}.Debug|Any CPU.Build.0 = Debug|Any CPU
		{800CE3C9-967C-4D5C-9CA4-CB6000EF4B0B}.Release|Any CPU.ActiveCfg = Release|Any CPU
		{800CE3C9-967C-4D5C-9CA4-CB6000EF4B0B}.Release|Any CPU.Build.0 = Release|Any CPU
		{6C53151B-EBF9-495C-9B2B-B0059F8260BB}.Debug|Any CPU.ActiveCfg = Debug|Any CPU
		{6C53151B-EBF9-495C-9B2B-B0059F8260BB}.Debug|Any CPU.Build.0 = Debug|Any CPU
		{6C53151B-EBF9-495C-9B2B-B0059F8260BB}.Release|Any CPU.ActiveCfg = Release|Any CPU
		{6C53151B-EBF9-495C-9B2B-B0059F8260BB}.Release|Any CPU.Build.0 = Release|Any CPU
	EndGlobalSection
	GlobalSection(SolutionProperties) = preSolution
		HideSolutionNode = FALSE
	EndGlobalSection
	GlobalSection(ExtensibilityGlobals) = postSolution
		SolutionGuid = {A8E57BCC-2671-46F3-A8A8-CC597AF49B3C}
	EndGlobalSection
EndGlobal
